{
  "nodes": {
    "andrej-karpathy-skills": {
      "flake": false,
      "locked": {
        "lastModified": 1789210353,
        "narHash": "sha256-Q17B/DRr6iFtcc75uoAe142HA8aIy3k3mXEtlgkS3lY=",
        "owner": "shanmukha-sai-chinnam",
        "repo": "andrej-karpathy-skills",
        "rev": "9755155706f1628d53e10c7ef8d05f8285cc0910",
        "type": "github"
      },
      "original": {
        "owner": "shanmukha-sai-chinnam",
        "repo": "andrej-karpathy-skills",
        "type": "github"
      }
    },
    "antigravity-superpowers": {
      "inputs": {
        "flake-utils": "flake-utils",
        "nixpkgs": [
          "nixpkgs"
        ]
      },
      "locked": {
        "lastModified": 1789206824,
        "narHash": "sha256-/+Iuyk5ZkQPv5q5UaCQt27gLkx9EGqq43KIjeXH1BtE=",
        "owner": "shanmukha-sai-chinnam",
        "repo": "antigravity-superpowers",
        "rev": "a5b95f68d302db2aaa9570965ea158a08d5c7f29",
        "type": "github"
      },
      "original": {
        "owner": "shanmukha-sai-chinnam",
        "repo": "antigravity-superpowers",
        "type": "github"
      }
    },
    "flake-compat": {
      "locked": {
        "lastModified": 1767039857,
        "narHash": "sha256-vNpUSpF5Nuw8xvDLj2KCwwksIbjua2LZCqhV1LNRDns=",
        "owner": "edolstra",
        "repo": "flake-compat",
        "rev": "5edf11c44bc78a0d334f6334cdaf7d60d732daab",
        "type": "github"
      },
      "original": {
        "owner": "edolstra",
        "repo": "flake-compat",
        "type": "github"
      }
    },
    "flake-compat_2": {
      "flake": false,
      "locked": {
        "lastModified": 1767039857,
        "narHash": "sha256-vNpUSpF5Nuw8xvDLj2KCwwksIbjua2LZCqhV1LNRDns=",
        "owner": "edolstra",
        "repo": "flake-compat",
        "rev": "5edf11c44bc78a0d334f6334cdaf7d60d732daab",
        "type": "github"
      },
      "original": {
        "owner": "edolstra",
        "repo": "flake-compat",
        "type": "github"
      }
    },
    "flake-utils": {
      "inputs": {
        "systems": "systems"
      },
      "locked": {
        "lastModified": 1731533236,
        "narHash": "sha256-l0KFg5HjrsfsO/JpG+r7fRrqm12kzFHyUHqHCVpMMbI=",
        "owner": "numtide",
        "repo": "flake-utils",
        "rev": "11707dc2f618dd54ca8739b309ec4fc024de578b",
        "type": "github"
      },
      "original": {
        "owner": "numtide",
        "repo": "flake-utils",
        "type": "github"
      }
    },
    "google-skills": {
      "flake": false,
      "locked": {
        "lastModified": 1789210353,
        "narHash": "sha256-86me347iX068ey1ezoOy5Pc/3m6pWx/TslR1CBYjLFw=",
        "owner": "shanmukha-sai-chinnam",
        "repo": "skills",
        "rev": "ee83d239ba1f16f3252e1f65992b06bc7fdfe513",
        "type": "github"
      },
      "original": {
        "owner": "shanmukha-sai-chinnam",
        "repo": "skills",
        "type": "github"
      }
    },
    "i-have-adhd": {
      "flake": false,
      "locked": {
        "lastModified": 1789210353,
        "narHash": "sha256-hLEfTRxjyl5dxaC6U0/K39jNT8j860cyfyQXCFXd1Vg=",
        "ref": "refs/heads/main",
        "rev": "366bb36e65a03d5fab1f6edb0641110b61e7847e",
        "revCount": 216,
        "type": "git",
        "url": "file:///home/damathryxx64/repositories/i-have-adhd"
      },
      "original": {
        "type": "git",
        "url": "file:///home/damathryxx64/repositories/i-have-adhd"
      }
    },
    "nix-alien": {
      "inputs": {
        "flake-compat": "flake-compat",
        "nix-index-database": [
          "nix-index-database"
        ],
        "nixpkgs": [
          "nixpkgs"
        ]
      },
      "locked": {
        "lastModified": 1784118096,
        "narHash": "sha256-iW7BzSkv27lII5FvrB6kPRO0CzOZj8utOIpvcFWjHgw=",
        "owner": "thiagokokada",
        "repo": "nix-alien",
        "rev": "df422df4324674417f91dee49bae401eef87c6ed",
        "type": "github"
      },
      "original": {
        "owner": "thiagokokada",
        "repo": "nix-alien",
        "type": "github"
      }
    },
    "nix-index-database": {
      "inputs": {
        "nixpkgs": [
          "nixpkgs"
        ]
      },
      "locked": {
        "lastModified": 1788680125,
        "narHash": "sha256-amGSoDobwmp4CFvCn841ws2iuitus+HUJdD/gKgsrJA=",
        "owner": "nix-community",
        "repo": "nix-index-database",
        "rev": "116ad1c2adb642405ef8916f6a94c8626f971344",
        "type": "github"
      },
      "original": {
        "owner": "nix-community",
        "repo": "nix-index-database",
        "type": "github"
      }
    },
    "nixos-wsl": {
      "inputs": {
        "flake-compat": "flake-compat_2",
        "nixpkgs": "nixpkgs"
      },
      "locked": {
        "lastModified": 1789208447,
        "narHash": "sha256-Sps4MLp972dIWNIVzPoFkGr1DC0AvXTLf2tZGFkxtbQ=",
        "owner": "shanmukha-sai-chinnam",
        "repo": "NixOS-WSL",
        "rev": "805c735feb148cac48c1ef4728b2064ee59ab63c",
        "type": "github"
      },
      "original": {
        "owner": "shanmukha-sai-chinnam",
        "ref": "main",
        "repo": "NixOS-WSL",
        "type": "github"
      }
    },
    "nixpkgs": {
      "locked": {
        "lastModified": 1789006805,
        "narHash": "sha256-xB8mKMOx1IA9vTDNLmJZ6n4wCMq/cuWBBOzGCRnqxrU=",
        "owner": "NixOS",
        "repo": "nixpkgs",
        "rev": "8ce4ef6cb6f871616146b9fe26d2a5ae594e94fe",
        "type": "github"
      },
      "original": {
        "owner": "NixOS",
        "ref": "nixos-unstable",
        "repo": "nixpkgs",
        "type": "github"
      }
    },
    "nixpkgs_2": {
      "locked": {
        "lastModified": 1789006805,
        "narHash": "sha256-xB8mKMOx1IA9vTDNLmJZ6n4wCMq/cuWBBOzGCRnqxrU=",
        "owner": "NixOS",
        "repo": "nixpkgs",
        "rev": "8ce4ef6cb6f871616146b9fe26d2a5ae594e94fe",
        "type": "github"
      },
      "original": {
        "owner": "NixOS",
        "ref": "nixos-unstable",
        "repo": "nixpkgs",
        "type": "github"
      }
    },
    "root": {
      "inputs": {
        "andrej-karpathy-skills": "andrej-karpathy-skills",
        "antigravity-superpowers": "antigravity-superpowers",
        "google-skills": "google-skills",
        "i-have-adhd": "i-have-adhd",
        "nix-alien": "nix-alien",
        "nix-index-database": "nix-index-database",
        "nixos-wsl": "nixos-wsl",
        "nixpkgs": "nixpkgs_2",
        "superpowers": "superpowers"
      }
    },
    "superpowers": {
      "flake": false,
      "locked": {
        "lastModified": 1789211196,
        "narHash": "sha256-DfilCyecNWpV5gLQ3QxQi7A/z+uy1VQENWLQcFdjBpk=",
        "owner": "shanmukha-sai-chinnam",
        "repo": "superpowers",
        "rev": "62ccdb8f0e9feb670e5f76f60f9ff2ea9c0a1fa7",
        "type": "github"
      },
      "original": {
        "owner": "shanmukha-sai-chinnam",
        "repo": "superpowers",
        "type": "github"
      }
    },
    "systems": {
      "locked": {
        "lastModified": 1681028828,
        "narHash": "sha256-Vy1rq5AaRuLzOxct8nz4T6wlgyUR7zLU309k9mBC768=",
        "owner": "nix-systems",
        "repo": "default",
        "rev": "da67096a3b9bf56a91d16901293e51ba5b49a27e",
        "type": "github"
      },
      "original": {
        "owner": "nix-systems",
        "repo": "default",
        "type": "github"
      }
    }
  },
  "root": "root",
  "version": 7
}
