{
  "nodes": {
    "andrej-karpathy-skills": {
      "flake": false,
      "locked": {
        "lastModified": 1789206582,
        "narHash": "sha256-F++1Pv/xAD4rVi068DZpaD32reKXK7vvZvMlFtUsFWY=",
        "owner": "shanmukha-sai-chinnam",
        "repo": "andrej-karpathy-skills",
        "rev": "18242080a990a163fe37abae4e608a6525d51b72",
        "type": "github"
      },
      "original": {
        "owner": "shanmukha-sai-chinnam",
        "repo": "andrej-karpathy-skills",
        "type": "github"
      }
    },
    "antigravity-superpowers": {
      "inputs": {
        "flake-utils": "flake-utils",
        "nixpkgs": [
          "nixpkgs"
        ]
      },
      "locked": {
        "lastModified": 1789206824,
        "narHash": "sha256-/+Iuyk5ZkQPv5q5UaCQt27gLkx9EGqq43KIjeXH1BtE=",
        "owner": "shanmukha-sai-chinnam",
        "repo": "antigravity-superpowers",
        "rev": "a5b95f68d302db2aaa9570965ea158a08d5c7f29",
        "type": "github"
      },
      "original": {
        "owner": "shanmukha-sai-chinnam",
        "repo": "antigravity-superpowers",
        "type": "github"
      }
    },
    "flake-compat": {
      "flake": false,
      "locked": {
        "lastModified": 1767039857,
        "narHash": "sha256-vNpUSpF5Nuw8xvDLj2KCwwksIbjua2LZCqhV1LNRDns=",
        "owner": "edolstra",
        "repo": "flake-compat",
        "rev": "5edf11c44bc78a0d334f6334cdaf7d60d732daab",
        "type": "github"
      },
      "original": {
        "owner": "edolstra",
        "repo": "flake-compat",
        "type": "github"
      }
    },
    "flake-utils": {
      "inputs": {
        "systems": "systems"
      },
      "locked": {
        "lastModified": 1731533236,
        "narHash": "sha256-l0KFg5HjrsfsO/JpG+r7fRrqm12kzFHyUHqHCVpMMbI=",
        "owner": "numtide",
        "repo": "flake-utils",
        "rev": "11707dc2f618dd54ca8739b309ec4fc024de578b",
        "type": "github"
      },
      "original": {
        "owner": "numtide",
        "repo": "flake-utils",
        "type": "github"
      }
    },
    "google-skills": {
      "flake": false,
      "locked": {
        "lastModified": 1789206765,
        "narHash": "sha256-SQJNpPLRd1El6K/L3w7i2QqoMrL8qlEZeFXRlmsC5zw=",
        "owner": "shanmukha-sai-chinnam",
        "repo": "skills",
        "rev": "9f316eac40b73519bec8bf2ad7de939e07b23705",
        "type": "github"
      },
      "original": {
        "owner": "shanmukha-sai-chinnam",
        "repo": "skills",
        "type": "github"
      }
    },
    "nix-index-database": {
      "inputs": {
        "nixpkgs": [
          "nixpkgs"
        ]
      },
      "locked": {
        "lastModified": 1788680125,
        "narHash": "sha256-amGSoDobwmp4CFvCn841ws2iuitus+HUJdD/gKgsrJA=",
        "owner": "nix-community",
        "repo": "nix-index-database",
        "rev": "116ad1c2adb642405ef8916f6a94c8626f971344",
        "type": "github"
      },
      "original": {
        "owner": "nix-community",
        "repo": "nix-index-database",
        "type": "github"
      }
    },
    "nixos-wsl": {
      "inputs": {
        "flake-compat": "flake-compat",
        "nixpkgs": "nixpkgs"
      },
      "locked": {
        "lastModified": 1789208218,
        "narHash": "sha256-7NHvHeSMBkgOTMeF2Yb6NCj8bx14o0N3JqsC6WI4xHI=",
        "owner": "shanmukha-sai-chinnam",
        "repo": "NixOS-WSL",
        "rev": "0c7d26b48af0cd0d7f0f90322df9bde3a6c363b8",
        "type": "github"
      },
      "original": {
        "owner": "shanmukha-sai-chinnam",
        "ref": "main",
        "repo": "NixOS-WSL",
        "type": "github"
      }
    },
    "nixpkgs": {
      "locked": {
        "lastModified": 1789006805,
        "narHash": "sha256-xB8mKMOx1IA9vTDNLmJZ6n4wCMq/cuWBBOzGCRnqxrU=",
        "owner": "NixOS",
        "repo": "nixpkgs",
        "rev": "8ce4ef6cb6f871616146b9fe26d2a5ae594e94fe",
        "type": "github"
      },
      "original": {
        "owner": "NixOS",
        "ref": "nixos-unstable",
        "repo": "nixpkgs",
        "type": "github"
      }
    },
    "nixpkgs_2": {
      "locked": {
        "lastModified": 1788316716,
        "narHash": "sha256-bc7rSpXIdn9QWGNqfWcPZWOhEVF8NoeAZkWq0XWnf/k=",
        "owner": "NixOS",
        "repo": "nixpkgs",
        "rev": "3ed67ec0a4d3c7ab4ae1f04f8ee8df07bfa506a2",
        "type": "github"
      },
      "original": {
        "owner": "NixOS",
        "ref": "nixos-unstable",
        "repo": "nixpkgs",
        "type": "github"
      }
    },
    "root": {
      "inputs": {
        "andrej-karpathy-skills": "andrej-karpathy-skills",
        "antigravity-superpowers": "antigravity-superpowers",
        "google-skills": "google-skills",
        "nix-index-database": "nix-index-database",
        "nixos-wsl": "nixos-wsl",
        "nixpkgs": "nixpkgs_2",
        "superpowers": "superpowers"
      }
    },
    "superpowers": {
      "flake": false,
      "locked": {
        "lastModified": 1786553601,
        "narHash": "sha256-EsGNO0dULWf5Bx6bGrCv2kI2Z8aKH0kRvGiuN23wChQ=",
        "owner": "shanmukha-sai-chinnam",
        "repo": "superpowers",
        "rev": "b36e0829c6d0140e93cfef2ca599b1b07d4a7797",
        "type": "github"
      },
      "original": {
        "owner": "shanmukha-sai-chinnam",
        "repo": "superpowers",
        "type": "github"
      }
    },
    "systems": {
      "locked": {
        "lastModified": 1681028828,
        "narHash": "sha256-Vy1rq5AaRuLzOxct8nz4T6wlgyUR7zLU309k9mBC768=",
        "owner": "nix-systems",
        "repo": "default",
        "rev": "da67096a3b9bf56a91d16901293e51ba5b49a27e",
        "type": "github"
      },
      "original": {
        "owner": "nix-systems",
        "repo": "default",
        "type": "github"
      }
    }
  },
  "root": "root",
  "version": 7
}
